
Microsoft Visual Studio Solution File, Format Version 12.00
# Visual Studio Version 16
VisualStudioVersion = 16.0.32228.343
MinimumVisualStudioVersion = 10.0.40219.1
Project("{FAE04EC0-301F-11D3-BF4B-00C04F79EFBC}") = "Terraplenagem_TCC", "Terraplenagem_TCC\Terraplenagem_TCC.csproj", "{6592C43F-2C77-4BA1-8F0C-4322540F499D}"
EndProject
Global
	GlobalSection(SolutionConfigurationPlatforms) = preSolution
		Debug|Any CPU = Debug|Any CPU
		Release|Any CPU = Release|Any CPU
	EndGlobalSection
	GlobalSection(ProjectConfigurationPlatforms) = postSolution
		{6592C43F-2C77-4BA1-8F0C-4322540F499D}.Debug|Any CPU.ActiveCfg = Debug|Any CPU
		{6592C43F-2C77-4BA1-8F0C-4322540F499D}.Debug|Any CPU.Build.0 = Debug|Any CPU
		{6592C43F-2C77-4BA1-8F0C-4322540F499D}.Release|Any CPU.ActiveCfg = Release|Any CPU
		{6592C43F-2C77-4BA1-8F0C-4322540F499D}.Release|Any CPU.Build.0 = Release|Any CPU
	EndGlobalSection
	GlobalSection(SolutionProperties) = preSolution
		HideSolutionNode = FALSE
	EndGlobalSection
	GlobalSection(ExtensibilityGlobals) = postSolution
		SolutionGuid = {9D5BD073-5C98-49D0-A070-598BFEB78499}
	EndGlobalSection
EndGlobal
